
Microsoft Visual Studio Solution File, Format Version 12.00
# Visual Studio Version 17
VisualStudioVersion = 17.4.33110.190
MinimumVisualStudioVersion = 10.0.40219.1
Project("{FAE04EC0-301F-11D3-BF4B-00C04F79EFBC}") = "UCondo.PlanoDeContas.Api", "UCondo.PlanoDeContas.Api\UCondo.PlanoDeContas.Api.csproj", "{60827BBB-1D43-4E7F-BDBD-CAAFF8B4F6DA}"
EndProject
Project("{FAE04EC0-301F-11D3-BF4B-00C04F79EFBC}") = "UCondo.PlanoDeContas.Domain", "UCondo.PlanoDeContas.Domain\UCondo.PlanoDeContas.Domain.csproj", "{B166B29C-94E5-49C5-A9FF-E18DB707E683}"
EndProject
Project("{FAE04EC0-301F-11D3-BF4B-00C04F79EFBC}") = "UCondo.PlanoDeContas.Api.Test", "UCondo.PlanoDeContas.Api.Test\UCondo.PlanoDeContas.Api.Test.csproj", "{98F6073B-0DCB-43D8-910D-841798C655C0}"
EndProject
Global
	GlobalSection(SolutionConfigurationPlatforms) = preSolution
		Debug|Any CPU = Debug|Any CPU
		Release|Any CPU = Release|Any CPU
	EndGlobalSection
	GlobalSection(ProjectConfigurationPlatforms) = postSolution
		{60827BBB-1D43-4E7F-BDBD-CAAFF8B4F6DA}.Debug|Any CPU.ActiveCfg = Debug|Any CPU
		{60827BBB-1D43-4E7F-BDBD-CAAFF8B4F6DA}.Debug|Any CPU.Build.0 = Debug|Any CPU
		{60827BBB-1D43-4E7F-BDBD-CAAFF8B4F6DA}.Release|Any CPU.ActiveCfg = Release|Any CPU
		{60827BBB-1D43-4E7F-BDBD-CAAFF8B4F6DA}.Release|Any CPU.Build.0 = Release|Any CPU
		{B166B29C-94E5-49C5-A9FF-E18DB707E683}.Debug|Any CPU.ActiveCfg = Debug|Any CPU
		{B166B29C-94E5-49C5-A9FF-E18DB707E683}.Debug|Any CPU.Build.0 = Debug|Any CPU
		{B166B29C-94E5-49C5-A9FF-E18DB707E683}.Release|Any CPU.ActiveCfg = Release|Any CPU
		{B166B29C-94E5-49C5-A9FF-E18DB707E683}.Release|Any CPU.Build.0 = Release|Any CPU
		{98F6073B-0DCB-43D8-910D-841798C655C0}.Debug|Any CPU.ActiveCfg = Debug|Any CPU
		{98F6073B-0DCB-43D8-910D-841798C655C0}.Debug|Any CPU.Build.0 = Debug|Any CPU
		{98F6073B-0DCB-43D8-910D-841798C655C0}.Release|Any CPU.ActiveCfg = Release|Any CPU
		{98F6073B-0DCB-43D8-910D-841798C655C0}.Release|Any CPU.Build.0 = Release|Any CPU
	EndGlobalSection
	GlobalSection(SolutionProperties) = preSolution
		HideSolutionNode = FALSE
	EndGlobalSection
	GlobalSection(ExtensibilityGlobals) = postSolution
		SolutionGuid = {DB82B8B4-337B-4553-9E96-55AAA19114CA}
	EndGlobalSection
EndGlobal
